
Microsoft Visual Studio Solution File, Format Version 12.00
# Visual Studio Version 16
VisualStudioVersion = 16.0.30413.136
MinimumVisualStudioVersion = 10.0.40219.1
Project("{FAE04EC0-301F-11D3-BF4B-00C04F79EFBC}") = "Ejercicio 1", "Ejercicio 1\Ejercicio 1.csproj", "{38A124AA-219B-44D9-B821-0C64AA98B428}"
EndProject
Project("{FAE04EC0-301F-11D3-BF4B-00C04F79EFBC}") = "Ejercicio 2", "Ejercicio 2\Ejercicio 2.csproj", "{018D8CF0-1D2E-4205-9D5D-CBB358725C2F}"
EndProject
Project("{FAE04EC0-301F-11D3-BF4B-00C04F79EFBC}") = "Ejercicio 3", "Ejercicio 3\Ejercicio 3.csproj", "{18267A53-499D-4985-A3B3-A43EAE83B7D4}"
EndProject
Project("{FAE04EC0-301F-11D3-BF4B-00C04F79EFBC}") = "Ejuercicio 4", "Ejuercicio 4\Ejuercicio 4.csproj", "{836AF92E-CF08-4630-BF1C-6BB3832CA49E}"
EndProject
Project("{FAE04EC0-301F-11D3-BF4B-00C04F79EFBC}") = "Entidad", "Entidad\Entidad.csproj", "{261AE179-1739-4483-A7CB-7BC180A08B68}"
EndProject
Global
	GlobalSection(SolutionConfigurationPlatforms) = preSolution
		Debug|Any CPU = Debug|Any CPU
		Release|Any CPU = Release|Any CPU
	EndGlobalSection
	GlobalSection(ProjectConfigurationPlatforms) = postSolution
		{38A124AA-219B-44D9-B821-0C64AA98B428}.Debug|Any CPU.ActiveCfg = Debug|Any CPU
		{38A124AA-219B-44D9-B821-0C64AA98B428}.Debug|Any CPU.Build.0 = Debug|Any CPU
		{38A124AA-219B-44D9-B821-0C64AA98B428}.Release|Any CPU.ActiveCfg = Release|Any CPU
		{38A124AA-219B-44D9-B821-0C64AA98B428}.Release|Any CPU.Build.0 = Release|Any CPU
		{018D8CF0-1D2E-4205-9D5D-CBB358725C2F}.Debug|Any CPU.ActiveCfg = Debug|Any CPU
		{018D8CF0-1D2E-4205-9D5D-CBB358725C2F}.Debug|Any CPU.Build.0 = Debug|Any CPU
		{018D8CF0-1D2E-4205-9D5D-CBB358725C2F}.Release|Any CPU.ActiveCfg = Release|Any CPU
		{018D8CF0-1D2E-4205-9D5D-CBB358725C2F}.Release|Any CPU.Build.0 = Release|Any CPU
		{18267A53-499D-4985-A3B3-A43EAE83B7D4}.Debug|Any CPU.ActiveCfg = Debug|Any CPU
		{18267A53-499D-4985-A3B3-A43EAE83B7D4}.Debug|Any CPU.Build.0 = Debug|Any CPU
		{18267A53-499D-4985-A3B3-A43EAE83B7D4}.Release|Any CPU.ActiveCfg = Release|Any CPU
		{18267A53-499D-4985-A3B3-A43EAE83B7D4}.Release|Any CPU.Build.0 = Release|Any CPU
		{836AF92E-CF08-4630-BF1C-6BB3832CA49E}.Debug|Any CPU.ActiveCfg = Debug|Any CPU
		{836AF92E-CF08-4630-BF1C-6BB3832CA49E}.Debug|Any CPU.Build.0 = Debug|Any CPU
		{836AF92E-CF08-4630-BF1C-6BB3832CA49E}.Release|Any CPU.ActiveCfg = Release|Any CPU
		{836AF92E-CF08-4630-BF1C-6BB3832CA49E}.Release|Any CPU.Build.0 = Release|Any CPU
		{261AE179-1739-4483-A7CB-7BC180A08B68}.Debug|Any CPU.ActiveCfg = Debug|Any CPU
		{261AE179-1739-4483-A7CB-7BC180A08B68}.Debug|Any CPU.Build.0 = Debug|Any CPU
		{261AE179-1739-4483-A7CB-7BC180A08B68}.Release|Any CPU.ActiveCfg = Release|Any CPU
		{261AE179-1739-4483-A7CB-7BC180A08B68}.Release|Any CPU.Build.0 = Release|Any CPU
	EndGlobalSection
	GlobalSection(SolutionProperties) = preSolution
		HideSolutionNode = FALSE
	EndGlobalSection
	GlobalSection(ExtensibilityGlobals) = postSolution
		SolutionGuid = {160A30AB-20E3-4348-BFCA-64D63B5BF49B}
	EndGlobalSection
EndGlobal
