
Microsoft Visual Studio Solution File, Format Version 12.00
# Visual Studio Version 16
VisualStudioVersion = 16.0.30413.136
MinimumVisualStudioVersion = 10.0.40219.1
Project("{FAE04EC0-301F-11D3-BF4B-00C04F79EFBC}") = "Ejercicio 1", "2doCuatrimestre\Ejercicio 1.csproj", "{9027C384-7827-482A-AE39-1D931E9E5D7E}"
EndProject
Project("{FAE04EC0-301F-11D3-BF4B-00C04F79EFBC}") = "Ejercicio 2", "Ejercicio 2\Ejercicio 2.csproj", "{1133C296-3DB2-4759-8219-AFA49B3BF63E}"
EndProject
Project("{FAE04EC0-301F-11D3-BF4B-00C04F79EFBC}") = "Ejercicio 1 again", "Ejercicio 1 again\Ejercicio 1 again.csproj", "{9C4E729F-3272-45C9-8A22-2F2E0A1FE398}"
EndProject
Global
	GlobalSection(SolutionConfigurationPlatforms) = preSolution
		Debug|Any CPU = Debug|Any CPU
		Release|Any CPU = Release|Any CPU
	EndGlobalSection
	GlobalSection(ProjectConfigurationPlatforms) = postSolution
		{9027C384-7827-482A-AE39-1D931E9E5D7E}.Debug|Any CPU.ActiveCfg = Debug|Any CPU
		{9027C384-7827-482A-AE39-1D931E9E5D7E}.Debug|Any CPU.Build.0 = Debug|Any CPU
		{9027C384-7827-482A-AE39-1D931E9E5D7E}.Release|Any CPU.ActiveCfg = Release|Any CPU
		{9027C384-7827-482A-AE39-1D931E9E5D7E}.Release|Any CPU.Build.0 = Release|Any CPU
		{1133C296-3DB2-4759-8219-AFA49B3BF63E}.Debug|Any CPU.ActiveCfg = Debug|Any CPU
		{1133C296-3DB2-4759-8219-AFA49B3BF63E}.Debug|Any CPU.Build.0 = Debug|Any CPU
		{1133C296-3DB2-4759-8219-AFA49B3BF63E}.Release|Any CPU.ActiveCfg = Release|Any CPU
		{1133C296-3DB2-4759-8219-AFA49B3BF63E}.Release|Any CPU.Build.0 = Release|Any CPU
		{9C4E729F-3272-45C9-8A22-2F2E0A1FE398}.Debug|Any CPU.ActiveCfg = Debug|Any CPU
		{9C4E729F-3272-45C9-8A22-2F2E0A1FE398}.Debug|Any CPU.Build.0 = Debug|Any CPU
		{9C4E729F-3272-45C9-8A22-2F2E0A1FE398}.Release|Any CPU.ActiveCfg = Release|Any CPU
		{9C4E729F-3272-45C9-8A22-2F2E0A1FE398}.Release|Any CPU.Build.0 = Release|Any CPU
	EndGlobalSection
	GlobalSection(SolutionProperties) = preSolution
		HideSolutionNode = FALSE
	EndGlobalSection
	GlobalSection(ExtensibilityGlobals) = postSolution
		SolutionGuid = {D6A99CC7-C00D-4FFE-BAF6-AB3F20606A78}
	EndGlobalSection
EndGlobal
