
Microsoft Visual Studio Solution File, Format Version 12.00
# Visual Studio Version 16
VisualStudioVersion = 16.0.30413.136
MinimumVisualStudioVersion = 10.0.40219.1
Project("{FAE04EC0-301F-11D3-BF4B-00C04F79EFBC}") = "Ejercicios CSharp 2da parte", "Ejercicios CSharp 2da parte\Ejercicios CSharp 2da parte.csproj", "{72742C9C-A5FB-47EA-8926-0B44223FA398}"
EndProject
Global
	GlobalSection(SolutionConfigurationPlatforms) = preSolution
		Debug|Any CPU = Debug|Any CPU
		Release|Any CPU = Release|Any CPU
	EndGlobalSection
	GlobalSection(ProjectConfigurationPlatforms) = postSolution
		{72742C9C-A5FB-47EA-8926-0B44223FA398}.Debug|Any CPU.ActiveCfg = Debug|Any CPU
		{72742C9C-A5FB-47EA-8926-0B44223FA398}.Debug|Any CPU.Build.0 = Debug|Any CPU
		{72742C9C-A5FB-47EA-8926-0B44223FA398}.Release|Any CPU.ActiveCfg = Release|Any CPU
		{72742C9C-A5FB-47EA-8926-0B44223FA398}.Release|Any CPU.Build.0 = Release|Any CPU
	EndGlobalSection
	GlobalSection(SolutionProperties) = preSolution
		HideSolutionNode = FALSE
	EndGlobalSection
	GlobalSection(ExtensibilityGlobals) = postSolution
		SolutionGuid = {18D4B8BB-9602-402B-AFDA-1DCF9AD08D7A}
	EndGlobalSection
EndGlobal
