
Microsoft Visual Studio Solution File, Format Version 12.00
# Visual Studio Version 16
VisualStudioVersion = 16.0.30413.136
MinimumVisualStudioVersion = 10.0.40219.1
Project("{FAE04EC0-301F-11D3-BF4B-00C04F79EFBC}") = "Ejercicio 11", "Ejercicio 11\Ejercicio 11.csproj", "{A507385F-6E9A-498A-86E5-B99B68821BC5}"
EndProject
Global
	GlobalSection(SolutionConfigurationPlatforms) = preSolution
		Debug|Any CPU = Debug|Any CPU
		Release|Any CPU = Release|Any CPU
	EndGlobalSection
	GlobalSection(ProjectConfigurationPlatforms) = postSolution
		{A507385F-6E9A-498A-86E5-B99B68821BC5}.Debug|Any CPU.ActiveCfg = Debug|Any CPU
		{A507385F-6E9A-498A-86E5-B99B68821BC5}.Debug|Any CPU.Build.0 = Debug|Any CPU
		{A507385F-6E9A-498A-86E5-B99B68821BC5}.Release|Any CPU.ActiveCfg = Release|Any CPU
		{A507385F-6E9A-498A-86E5-B99B68821BC5}.Release|Any CPU.Build.0 = Release|Any CPU
	EndGlobalSection
	GlobalSection(SolutionProperties) = preSolution
		HideSolutionNode = FALSE
	EndGlobalSection
	GlobalSection(ExtensibilityGlobals) = postSolution
		SolutionGuid = {F3956313-A71B-4261-B132-9187A3D5FEC7}
	EndGlobalSection
EndGlobal
