
Microsoft Visual Studio Solution File, Format Version 12.00
# Visual Studio Version 16
VisualStudioVersion = 16.0.30413.136
MinimumVisualStudioVersion = 10.0.40219.1
Project("{FAE04EC0-301F-11D3-BF4B-00C04F79EFBC}") = "AplicacionForm", "AplicacionForm\AplicacionForm.csproj", "{D5EB5983-63A9-41C7-829D-27F86A1B519E}"
EndProject
Global
	GlobalSection(SolutionConfigurationPlatforms) = preSolution
		Debug|Any CPU = Debug|Any CPU
		Release|Any CPU = Release|Any CPU
	EndGlobalSection
	GlobalSection(ProjectConfigurationPlatforms) = postSolution
		{D5EB5983-63A9-41C7-829D-27F86A1B519E}.Debug|Any CPU.ActiveCfg = Debug|Any CPU
		{D5EB5983-63A9-41C7-829D-27F86A1B519E}.Debug|Any CPU.Build.0 = Debug|Any CPU
		{D5EB5983-63A9-41C7-829D-27F86A1B519E}.Release|Any CPU.ActiveCfg = Release|Any CPU
		{D5EB5983-63A9-41C7-829D-27F86A1B519E}.Release|Any CPU.Build.0 = Release|Any CPU
	EndGlobalSection
	GlobalSection(SolutionProperties) = preSolution
		HideSolutionNode = FALSE
	EndGlobalSection
	GlobalSection(ExtensibilityGlobals) = postSolution
		SolutionGuid = {AB8127C9-E8CF-477F-839C-ADC169D3FEE3}
	EndGlobalSection
EndGlobal
