
Microsoft Visual Studio Solution File, Format Version 12.00
# Visual Studio Version 16
VisualStudioVersion = 16.0.30413.136
MinimumVisualStudioVersion = 10.0.40219.1
Project("{FAE04EC0-301F-11D3-BF4B-00C04F79EFBC}") = "So_Here_We_Go_HelloCSharp_FirstExercises", "So_Here_We_Go_HelloCSharp_FirstExercises\So_Here_We_Go_HelloCSharp_FirstExercises.csproj", "{196811A5-64F1-4720-81C9-F1DCFB52338A}"
EndProject
Global
	GlobalSection(SolutionConfigurationPlatforms) = preSolution
		Debug|Any CPU = Debug|Any CPU
		Release|Any CPU = Release|Any CPU
	EndGlobalSection
	GlobalSection(ProjectConfigurationPlatforms) = postSolution
		{196811A5-64F1-4720-81C9-F1DCFB52338A}.Debug|Any CPU.ActiveCfg = Debug|Any CPU
		{196811A5-64F1-4720-81C9-F1DCFB52338A}.Debug|Any CPU.Build.0 = Debug|Any CPU
		{196811A5-64F1-4720-81C9-F1DCFB52338A}.Release|Any CPU.ActiveCfg = Release|Any CPU
		{196811A5-64F1-4720-81C9-F1DCFB52338A}.Release|Any CPU.Build.0 = Release|Any CPU
	EndGlobalSection
	GlobalSection(SolutionProperties) = preSolution
		HideSolutionNode = FALSE
	EndGlobalSection
	GlobalSection(ExtensibilityGlobals) = postSolution
		SolutionGuid = {901D4B24-A20C-48CB-A393-D314E97E1FEF}
	EndGlobalSection
EndGlobal
